
Microsoft Visual Studio Solution File, Format Version 12.00
# Visual Studio Version 17
VisualStudioVersion = 17.1.32319.34
MinimumVisualStudioVersion = 10.0.40219.1
Project("{FAE04EC0-301F-11D3-BF4B-00C04F79EFBC}") = "KursovoyZash", "KursovoyZash\KursovoyZash.csproj", "{501F8AF5-3416-435F-9709-AFB7BB9850A3}"
EndProject
Global
	GlobalSection(SolutionConfigurationPlatforms) = preSolution
		Debug|Any CPU = Debug|Any CPU
		Release|Any CPU = Release|Any CPU
	EndGlobalSection
	GlobalSection(ProjectConfigurationPlatforms) = postSolution
		{501F8AF5-3416-435F-9709-AFB7BB9850A3}.Debug|Any CPU.ActiveCfg = Debug|Any CPU
		{501F8AF5-3416-435F-9709-AFB7BB9850A3}.Debug|Any CPU.Build.0 = Debug|Any CPU
		{501F8AF5-3416-435F-9709-AFB7BB9850A3}.Release|Any CPU.ActiveCfg = Release|Any CPU
		{501F8AF5-3416-435F-9709-AFB7BB9850A3}.Release|Any CPU.Build.0 = Release|Any CPU
	EndGlobalSection
	GlobalSection(SolutionProperties) = preSolution
		HideSolutionNode = FALSE
	EndGlobalSection
	GlobalSection(ExtensibilityGlobals) = postSolution
		SolutionGuid = {7A3E7376-0616-4FFC-A615-E0F6AAFD6E52}
	EndGlobalSection
EndGlobal
